// !$*UTF8*$!
{
	archiveVersion = 1;
	classes = {
	};
	objectVersion = 50;
	objects = {

/* Begin PBXBuildFile section */
		3351DFC5230958B200CD1491 /* ApplicationCoordinator.swift in Sources */ = {isa = PBXBuildFile; fileRef = 3351DFC4230958B200CD1491 /* ApplicationCoordinator.swift */; };
		3351DFC7230958ED00CD1491 /* ScoreCoordinator.swift in Sources */ = {isa = PBXBuildFile; fileRef = 3351DFC6230958ED00CD1491 /* ScoreCoordinator.swift */; };
		3351DFCA2309593800CD1491 /* ScoreViewController.swift in Sources */ = {isa = PBXBuildFile; fileRef = 3351DFC82309593800CD1491 /* ScoreViewController.swift */; };
		3351DFCB2309593800CD1491 /* ScoreViewController.xib in Resources */ = {isa = PBXBuildFile; fileRef = 3351DFC92309593800CD1491 /* ScoreViewController.xib */; };
		3351DFCE2309597A00CD1491 /* ScoreViewModel.swift in Sources */ = {isa = PBXBuildFile; fileRef = 3351DFCD2309597A00CD1491 /* ScoreViewModel.swift */; };
		3351DFD023095ABD00CD1491 /* NetworkLayer.swift in Sources */ = {isa = PBXBuildFile; fileRef = 3351DFCF23095ABD00CD1491 /* NetworkLayer.swift */; };
		3389FA6222F5FE1C008F97DC /* URLSession+Additions.swift in Sources */ = {isa = PBXBuildFile; fileRef = 3389FA6122F5FE1C008F97DC /* URLSession+Additions.swift */; };
		3394592C23097F1C00E120C2 /* CreditReport.swift in Sources */ = {isa = PBXBuildFile; fileRef = 3394592B23097F1B00E120C2 /* CreditReport.swift */; };
		3394592E230982D900E120C2 /* ScoreViewModelTests.swift in Sources */ = {isa = PBXBuildFile; fileRef = 3394592D230982D900E120C2 /* ScoreViewModelTests.swift */; };
		339459302309834B00E120C2 /* MockDataAccessObject.swift in Sources */ = {isa = PBXBuildFile; fileRef = 3394592F2309834B00E120C2 /* MockDataAccessObject.swift */; };
		3394594A2309912600E120C2 /* CircleView.swift in Sources */ = {isa = PBXBuildFile; fileRef = 339459492309912500E120C2 /* CircleView.swift */; };
		CB9B354422F1D57B00E12C75 /* AppDelegate.swift in Sources */ = {isa = PBXBuildFile; fileRef = CB9B354322F1D57B00E12C75 /* AppDelegate.swift */; };
		CB9B354B22F1D57C00E12C75 /* Assets.xcassets in Resources */ = {isa = PBXBuildFile; fileRef = CB9B354A22F1D57C00E12C75 /* Assets.xcassets */; };
		CB9B354E22F1D57C00E12C75 /* LaunchScreen.storyboard in Resources */ = {isa = PBXBuildFile; fileRef = CB9B354C22F1D57C00E12C75 /* LaunchScreen.storyboard */; };
		CB9B355922F1D57C00E12C75 /* ClearScoreTests.swift in Sources */ = {isa = PBXBuildFile; fileRef = CB9B355822F1D57C00E12C75 /* ClearScoreTests.swift */; };
		CB9B356422F1D57C00E12C75 /* ClearScoreUITests.swift in Sources */ = {isa = PBXBuildFile; fileRef = CB9B356322F1D57C00E12C75 /* ClearScoreUITests.swift */; };
		CB9B357222F1D7BF00E12C75 /* Localizable.strings in Resources */ = {isa = PBXBuildFile; fileRef = CB9B357122F1D7BF00E12C75 /* Localizable.strings */; };
		CB9B357422F1E08900E12C75 /* DataAccessObject.swift in Sources */ = {isa = PBXBuildFile; fileRef = CB9B357322F1E08900E12C75 /* DataAccessObject.swift */; };
		CB9B357822F1EDDC00E12C75 /* CreditReportInfo.swift in Sources */ = {isa = PBXBuildFile; fileRef = CB9B357722F1EDDC00E12C75 /* CreditReportInfo.swift */; };
/* End PBXBuildFile section */

/* Begin PBXContainerItemProxy section */
		CB9B355522F1D57C00E12C75 /* PBXContainerItemProxy */ = {
			isa = PBXContainerItemProxy;
			containerPortal = CB9B353822F1D57B00E12C75 /* Project object */;
			proxyType = 1;
			remoteGlobalIDString = CB9B353F22F1D57B00E12C75;
			remoteInfo = ClearScore;
		};
		CB9B356022F1D57C00E12C75 /* PBXContainerItemProxy */ = {
			isa = PBXContainerItemProxy;
			containerPortal = CB9B353822F1D57B00E12C75 /* Project object */;
			proxyType = 1;
			remoteGlobalIDString = CB9B353F22F1D57B00E12C75;
			remoteInfo = ClearScore;
		};
/* End PBXContainerItemProxy section */

/* Begin PBXFileReference section */
		3351DFC4230958B200CD1491 /* ApplicationCoordinator.swift */ = {isa = PBXFileReference; lastKnownFileType = sourcecode.swift; path = ApplicationCoordinator.swift; sourceTree = "<group>"; };
		3351DFC6230958ED00CD1491 /* ScoreCoordinator.swift */ = {isa = PBXFileReference; lastKnownFileType = sourcecode.swift; path = ScoreCoordinator.swift; sourceTree = "<group>"; };
		3351DFC82309593800CD1491 /* ScoreViewController.swift */ = {isa = PBXFileReference; lastKnownFileType = sourcecode.swift; path = ScoreViewController.swift; sourceTree = "<group>"; };
		3351DFC92309593800CD1491 /* ScoreViewController.xib */ = {isa = PBXFileReference; lastKnownFileType = file.xib; path = ScoreViewController.xib; sourceTree = "<group>"; };
		3351DFCD2309597A00CD1491 /* ScoreViewModel.swift */ = {isa = PBXFileReference; lastKnownFileType = sourcecode.swift; path = ScoreViewModel.swift; sourceTree = "<group>"; };
		3351DFCF23095ABD00CD1491 /* NetworkLayer.swift */ = {isa = PBXFileReference; lastKnownFileType = sourcecode.swift; path = NetworkLayer.swift; sourceTree = "<group>"; };
		3389FA6122F5FE1C008F97DC /* URLSession+Additions.swift */ = {isa = PBXFileReference; fileEncoding = 4; lastKnownFileType = sourcecode.swift; path = "URLSession+Additions.swift"; sourceTree = "<group>"; };
		3394592B23097F1B00E120C2 /* CreditReport.swift */ = {isa = PBXFileReference; fileEncoding = 4; lastKnownFileType = sourcecode.swift; path = CreditReport.swift; sourceTree = "<group>"; };
		3394592D230982D900E120C2 /* ScoreViewModelTests.swift */ = {isa = PBXFileReference; lastKnownFileType = sourcecode.swift; path = ScoreViewModelTests.swift; sourceTree = "<group>"; };
		3394592F2309834B00E120C2 /* MockDataAccessObject.swift */ = {isa = PBXFileReference; lastKnownFileType = sourcecode.swift; path = MockDataAccessObject.swift; sourceTree = "<group>"; };
		339459492309912500E120C2 /* CircleView.swift */ = {isa = PBXFileReference; lastKnownFileType = sourcecode.swift; path = CircleView.swift; sourceTree = "<group>"; };
		CB9B354022F1D57B00E12C75 /* ClearScore.app */ = {isa = PBXFileReference; explicitFileType = wrapper.application; includeInIndex = 0; path = ClearScore.app; sourceTree = BUILT_PRODUCTS_DIR; };
		CB9B354322F1D57B00E12C75 /* AppDelegate.swift */ = {isa = PBXFileReference; lastKnownFileType = sourcecode.swift; path = AppDelegate.swift; sourceTree = "<group>"; };
		CB9B354A22F1D57C00E12C75 /* Assets.xcassets */ = {isa = PBXFileReference; lastKnownFileType = folder.assetcatalog; path = Assets.xcassets; sourceTree = "<group>"; };
		CB9B354D22F1D57C00E12C75 /* Base */ = {isa = PBXFileReference; lastKnownFileType = file.storyboard; name = Base; path = Base.lproj/LaunchScreen.storyboard; sourceTree = "<group>"; };
		CB9B354F22F1D57C00E12C75 /* Info.plist */ = {isa = PBXFileReference; lastKnownFileType = text.plist.xml; path = Info.plist; sourceTree = "<group>"; };
		CB9B355422F1D57C00E12C75 /* ClearScoreTests.xctest */ = {isa = PBXFileReference; explicitFileType = wrapper.cfbundle; includeInIndex = 0; path = ClearScoreTests.xctest; sourceTree = BUILT_PRODUCTS_DIR; };
		CB9B355822F1D57C00E12C75 /* ClearScoreTests.swift */ = {isa = PBXFileReference; lastKnownFileType = sourcecode.swift; path = ClearScoreTests.swift; sourceTree = "<group>"; };
		CB9B355A22F1D57C00E12C75 /* Info.plist */ = {isa = PBXFileReference; lastKnownFileType = text.plist.xml; path = Info.plist; sourceTree = "<group>"; };
		CB9B355F22F1D57C00E12C75 /* ClearScoreUITests.xctest */ = {isa = PBXFileReference; explicitFileType = wrapper.cfbundle; includeInIndex = 0; path = ClearScoreUITests.xctest; sourceTree = BUILT_PRODUCTS_DIR; };
		CB9B356322F1D57C00E12C75 /* ClearScoreUITests.swift */ = {isa = PBXFileReference; lastKnownFileType = sourcecode.swift; path = ClearScoreUITests.swift; sourceTree = "<group>"; };
		CB9B356522F1D57C00E12C75 /* Info.plist */ = {isa = PBXFileReference; lastKnownFileType = text.plist.xml; path = Info.plist; sourceTree = "<group>"; };
		CB9B357122F1D7BF00E12C75 /* Localizable.strings */ = {isa = PBXFileReference; lastKnownFileType = text.plist.strings; path = Localizable.strings; sourceTree = "<group>"; };
		CB9B357322F1E08900E12C75 /* DataAccessObject.swift */ = {isa = PBXFileReference; lastKnownFileType = sourcecode.swift; path = DataAccessObject.swift; sourceTree = "<group>"; };
		CB9B357722F1EDDC00E12C75 /* CreditReportInfo.swift */ = {isa = PBXFileReference; lastKnownFileType = sourcecode.swift; path = CreditReportInfo.swift; sourceTree = "<group>"; };
/* End PBXFileReference section */

/* Begin PBXFrameworksBuildPhase section */
		CB9B353D22F1D57B00E12C75 /* Frameworks */ = {
			isa = PBXFrameworksBuildPhase;
			buildActionMask = 2147483647;
			files = (
			);
			runOnlyForDeploymentPostprocessing = 0;
		};
		CB9B355122F1D57C00E12C75 /* Frameworks */ = {
			isa = PBXFrameworksBuildPhase;
			buildActionMask = 2147483647;
			files = (
			);
			runOnlyForDeploymentPostprocessing = 0;
		};
		CB9B355C22F1D57C00E12C75 /* Frameworks */ = {
			isa = PBXFrameworksBuildPhase;
			buildActionMask = 2147483647;
			files = (
			);
			runOnlyForDeploymentPostprocessing = 0;
		};
/* End PBXFrameworksBuildPhase section */

/* Begin PBXGroup section */
		3351DFCC2309594800CD1491 /* Coordinators */ = {
			isa = PBXGroup;
			children = (
				3351DFC4230958B200CD1491 /* ApplicationCoordinator.swift */,
				3351DFC6230958ED00CD1491 /* ScoreCoordinator.swift */,
			);
			path = Coordinators;
			sourceTree = "<group>";
		};
		339459262309710900E120C2 /* Score */ = {
			isa = PBXGroup;
			children = (
				3351DFC82309593800CD1491 /* ScoreViewController.swift */,
				3351DFCD2309597A00CD1491 /* ScoreViewModel.swift */,
				3351DFC92309593800CD1491 /* ScoreViewController.xib */,
				3394594B2309949B00E120C2 /* Views */,
			);
			path = Score;
			sourceTree = "<group>";
		};
		3394594B2309949B00E120C2 /* Views */ = {
			isa = PBXGroup;
			children = (
				339459492309912500E120C2 /* CircleView.swift */,
			);
			path = Views;
			sourceTree = "<group>";
		};
		CB9B353722F1D57B00E12C75 = {
			isa = PBXGroup;
			children = (
				CB9B354222F1D57B00E12C75 /* ClearScore */,
				CB9B355722F1D57C00E12C75 /* ClearScoreTests */,
				CB9B356222F1D57C00E12C75 /* ClearScoreUITests */,
				CB9B354122F1D57B00E12C75 /* Products */,
			);
			sourceTree = "<group>";
		};
		CB9B354122F1D57B00E12C75 /* Products */ = {
			isa = PBXGroup;
			children = (
				CB9B354022F1D57B00E12C75 /* ClearScore.app */,
				CB9B355422F1D57C00E12C75 /* ClearScoreTests.xctest */,
				CB9B355F22F1D57C00E12C75 /* ClearScoreUITests.xctest */,
			);
			name = Products;
			sourceTree = "<group>";
		};
		CB9B354222F1D57B00E12C75 /* ClearScore */ = {
			isa = PBXGroup;
			children = (
				CB9B354322F1D57B00E12C75 /* AppDelegate.swift */,
				3351DFCC2309594800CD1491 /* Coordinators */,
				CB9B357922F1F1F500E12C75 /* Models */,
				339459262309710900E120C2 /* Score */,
				CB9B354A22F1D57C00E12C75 /* Assets.xcassets */,
				CB9B357122F1D7BF00E12C75 /* Localizable.strings */,
				CB9B354C22F1D57C00E12C75 /* LaunchScreen.storyboard */,
				CB9B354F22F1D57C00E12C75 /* Info.plist */,
			);
			path = ClearScore;
			sourceTree = "<group>";
		};
		CB9B355722F1D57C00E12C75 /* ClearScoreTests */ = {
			isa = PBXGroup;
			children = (
				CB9B355822F1D57C00E12C75 /* ClearScoreTests.swift */,
				3394592D230982D900E120C2 /* ScoreViewModelTests.swift */,
				3394592F2309834B00E120C2 /* MockDataAccessObject.swift */,
				CB9B355A22F1D57C00E12C75 /* Info.plist */,
			);
			path = ClearScoreTests;
			sourceTree = "<group>";
		};
		CB9B356222F1D57C00E12C75 /* ClearScoreUITests */ = {
			isa = PBXGroup;
			children = (
				CB9B356322F1D57C00E12C75 /* ClearScoreUITests.swift */,
				CB9B356522F1D57C00E12C75 /* Info.plist */,
			);
			path = ClearScoreUITests;
			sourceTree = "<group>";
		};
		CB9B357922F1F1F500E12C75 /* Models */ = {
			isa = PBXGroup;
			children = (
				CB9B357A22F1F20100E12C75 /* Networking */,
				CB9B357722F1EDDC00E12C75 /* CreditReportInfo.swift */,
				3394592B23097F1B00E120C2 /* CreditReport.swift */,
			);
			path = Models;
			sourceTree = "<group>";
		};
		CB9B357A22F1F20100E12C75 /* Networking */ = {
			isa = PBXGroup;
			children = (
				CB9B357322F1E08900E12C75 /* DataAccessObject.swift */,
				3351DFCF23095ABD00CD1491 /* NetworkLayer.swift */,
				3389FA6122F5FE1C008F97DC /* URLSession+Additions.swift */,
			);
			path = Networking;
			sourceTree = "<group>";
		};
/* End PBXGroup section */

/* Begin PBXNativeTarget section */
		CB9B353F22F1D57B00E12C75 /* ClearScore */ = {
			isa = PBXNativeTarget;
			buildConfigurationList = CB9B356822F1D57C00E12C75 /* Build configuration list for PBXNativeTarget "ClearScore" */;
			buildPhases = (
				CB9B353C22F1D57B00E12C75 /* Sources */,
				CB9B353D22F1D57B00E12C75 /* Frameworks */,
				CB9B353E22F1D57B00E12C75 /* Resources */,
			);
			buildRules = (
			);
			dependencies = (
			);
			name = ClearScore;
			productName = ClearScore;
			productReference = CB9B354022F1D57B00E12C75 /* ClearScore.app */;
			productType = "com.apple.product-type.application";
		};
		CB9B355322F1D57C00E12C75 /* ClearScoreTests */ = {
			isa = PBXNativeTarget;
			buildConfigurationList = CB9B356B22F1D57C00E12C75 /* Build configuration list for PBXNativeTarget "ClearScoreTests" */;
			buildPhases = (
				CB9B355022F1D57C00E12C75 /* Sources */,
				CB9B355122F1D57C00E12C75 /* Frameworks */,
				CB9B355222F1D57C00E12C75 /* Resources */,
			);
			buildRules = (
			);
			dependencies = (
				CB9B355622F1D57C00E12C75 /* PBXTargetDependency */,
			);
			name = ClearScoreTests;
			productName = ClearScoreTests;
			productReference = CB9B355422F1D57C00E12C75 /* ClearScoreTests.xctest */;
			productType = "com.apple.product-type.bundle.unit-test";
		};
		CB9B355E22F1D57C00E12C75 /* ClearScoreUITests */ = {
			isa = PBXNativeTarget;
			buildConfigurationList = CB9B356E22F1D57C00E12C75 /* Build configuration list for PBXNativeTarget "ClearScoreUITests" */;
			buildPhases = (
				CB9B355B22F1D57C00E12C75 /* Sources */,
				CB9B355C22F1D57C00E12C75 /* Frameworks */,
				CB9B355D22F1D57C00E12C75 /* Resources */,
			);
			buildRules = (
			);
			dependencies = (
				CB9B356122F1D57C00E12C75 /* PBXTargetDependency */,
			);
			name = ClearScoreUITests;
			productName = ClearScoreUITests;
			productReference = CB9B355F22F1D57C00E12C75 /* ClearScoreUITests.xctest */;
			productType = "com.apple.product-type.bundle.ui-testing";
		};
/* End PBXNativeTarget section */

/* Begin PBXProject section */
		CB9B353822F1D57B00E12C75 /* Project object */ = {
			isa = PBXProject;
			attributes = {
				LastSwiftUpdateCheck = 1020;
				LastUpgradeCheck = 1020;
				ORGANIZATIONNAME = "Nikash Ramsorrun";
				TargetAttributes = {
					CB9B353F22F1D57B00E12C75 = {
						CreatedOnToolsVersion = 10.2.1;
					};
					CB9B355322F1D57C00E12C75 = {
						CreatedOnToolsVersion = 10.2.1;
						TestTargetID = CB9B353F22F1D57B00E12C75;
					};
					CB9B355E22F1D57C00E12C75 = {
						CreatedOnToolsVersion = 10.2.1;
						TestTargetID = CB9B353F22F1D57B00E12C75;
					};
				};
			};
			buildConfigurationList = CB9B353B22F1D57B00E12C75 /* Build configuration list for PBXProject "ClearScore" */;
			compatibilityVersion = "Xcode 9.3";
			developmentRegion = en;
			hasScannedForEncodings = 0;
			knownRegions = (
				en,
				Base,
			);
			mainGroup = CB9B353722F1D57B00E12C75;
			productRefGroup = CB9B354122F1D57B00E12C75 /* Products */;
			projectDirPath = "";
			projectRoot = "";
			targets = (
				CB9B353F22F1D57B00E12C75 /* ClearScore */,
				CB9B355322F1D57C00E12C75 /* ClearScoreTests */,
				CB9B355E22F1D57C00E12C75 /* ClearScoreUITests */,
			);
		};
/* End PBXProject section */

/* Begin PBXResourcesBuildPhase section */
		CB9B353E22F1D57B00E12C75 /* Resources */ = {
			isa = PBXResourcesBuildPhase;
			buildActionMask = 2147483647;
			files = (
				3351DFCB2309593800CD1491 /* ScoreViewController.xib in Resources */,
				CB9B354E22F1D57C00E12C75 /* LaunchScreen.storyboard in Resources */,
				CB9B354B22F1D57C00E12C75 /* Assets.xcassets in Resources */,
				CB9B357222F1D7BF00E12C75 /* Localizable.strings in Resources */,
			);
			runOnlyForDeploymentPostprocessing = 0;
		};
		CB9B355222F1D57C00E12C75 /* Resources */ = {
			isa = PBXResourcesBuildPhase;
			buildActionMask = 2147483647;
			files = (
			);
			runOnlyForDeploymentPostprocessing = 0;
		};
		CB9B355D22F1D57C00E12C75 /* Resources */ = {
			isa = PBXResourcesBuildPhase;
			buildActionMask = 2147483647;
			files = (
			);
			runOnlyForDeploymentPostprocessing = 0;
		};
/* End PBXResourcesBuildPhase section */

/* Begin PBXSourcesBuildPhase section */
		CB9B353C22F1D57B00E12C75 /* Sources */ = {
			isa = PBXSourcesBuildPhase;
			buildActionMask = 2147483647;
			files = (
				3351DFCE2309597A00CD1491 /* ScoreViewModel.swift in Sources */,
				CB9B357822F1EDDC00E12C75 /* CreditReportInfo.swift in Sources */,
				3351DFC7230958ED00CD1491 /* ScoreCoordinator.swift in Sources */,
				3351DFD023095ABD00CD1491 /* NetworkLayer.swift in Sources */,
				3394592C23097F1C00E120C2 /* CreditReport.swift in Sources */,
				3389FA6222F5FE1C008F97DC /* URLSession+Additions.swift in Sources */,
				3394594A2309912600E120C2 /* CircleView.swift in Sources */,
				CB9B354422F1D57B00E12C75 /* AppDelegate.swift in Sources */,
				3351DFCA2309593800CD1491 /* ScoreViewController.swift in Sources */,
				CB9B357422F1E08900E12C75 /* DataAccessObject.swift in Sources */,
				3351DFC5230958B200CD1491 /* ApplicationCoordinator.swift in Sources */,
			);
			runOnlyForDeploymentPostprocessing = 0;
		};
		CB9B355022F1D57C00E12C75 /* Sources */ = {
			isa = PBXSourcesBuildPhase;
			buildActionMask = 2147483647;
			files = (
				CB9B355922F1D57C00E12C75 /* ClearScoreTests.swift in Sources */,
				339459302309834B00E120C2 /* MockDataAccessObject.swift in Sources */,
				3394592E230982D900E120C2 /* ScoreViewModelTests.swift in Sources */,
			);
			runOnlyForDeploymentPostprocessing = 0;
		};
		CB9B355B22F1D57C00E12C75 /* Sources */ = {
			isa = PBXSourcesBuildPhase;
			buildActionMask = 2147483647;
			files = (
				CB9B356422F1D57C00E12C75 /* ClearScoreUITests.swift in Sources */,
			);
			runOnlyForDeploymentPostprocessing = 0;
		};
/* End PBXSourcesBuildPhase section */

/* Begin PBXTargetDependency section */
		CB9B355622F1D57C00E12C75 /* PBXTargetDependency */ = {
			isa = PBXTargetDependency;
			target = CB9B353F22F1D57B00E12C75 /* ClearScore */;
			targetProxy = CB9B355522F1D57C00E12C75 /* PBXContainerItemProxy */;
		};
		CB9B356122F1D57C00E12C75 /* PBXTargetDependency */ = {
			isa = PBXTargetDependency;
			target = CB9B353F22F1D57B00E12C75 /* ClearScore */;
			targetProxy = CB9B356022F1D57C00E12C75 /* PBXContainerItemProxy */;
		};
/* End PBXTargetDependency section */

/* Begin PBXVariantGroup section */
		CB9B354C22F1D57C00E12C75 /* LaunchScreen.storyboard */ = {
			isa = PBXVariantGroup;
			children = (
				CB9B354D22F1D57C00E12C75 /* Base */,
			);
			name = LaunchScreen.storyboard;
			sourceTree = "<group>";
		};
/* End PBXVariantGroup section */

/* Begin XCBuildConfiguration section */
		CB9B356622F1D57C00E12C75 /* Debug */ = {
			isa = XCBuildConfiguration;
			buildSettings = {
				ALWAYS_SEARCH_USER_PATHS = NO;
				CLANG_ANALYZER_NONNULL = YES;
				CLANG_ANALYZER_NUMBER_OBJECT_CONVERSION = YES_AGGRESSIVE;
				CLANG_CXX_LANGUAGE_STANDARD = "gnu++14";
				CLANG_CXX_LIBRARY = "libc++";
				CLANG_ENABLE_MODULES = YES;
				CLANG_ENABLE_OBJC_ARC = YES;
				CLANG_ENABLE_OBJC_WEAK = YES;
				CLANG_WARN_BLOCK_CAPTURE_AUTORELEASING = YES;
				CLANG_WARN_BOOL_CONVERSION = YES;
				CLANG_WARN_COMMA = YES;
				CLANG_WARN_CONSTANT_CONVERSION = YES;
				CLANG_WARN_DEPRECATED_OBJC_IMPLEMENTATIONS = YES;
				CLANG_WARN_DIRECT_OBJC_ISA_USAGE = YES_ERROR;
				CLANG_WARN_DOCUMENTATION_COMMENTS = YES;
				CLANG_WARN_EMPTY_BODY = YES;
				CLANG_WARN_ENUM_CONVERSION = YES;
				CLANG_WARN_INFINITE_RECURSION = YES;
				CLANG_WARN_INT_CONVERSION = YES;
				CLANG_WARN_NON_LITERAL_NULL_CONVERSION = YES;
				CLANG_WARN_OBJC_IMPLICIT_RETAIN_SELF = YES;
				CLANG_WARN_OBJC_LITERAL_CONVERSION = YES;
				CLANG_WARN_OBJC_ROOT_CLASS = YES_ERROR;
				CLANG_WARN_RANGE_LOOP_ANALYSIS = YES;
				CLANG_WARN_STRICT_PROTOTYPES = YES;
				CLANG_WARN_SUSPICIOUS_MOVE = YES;
				CLANG_WARN_UNGUARDED_AVAILABILITY = YES_AGGRESSIVE;
				CLANG_WARN_UNREACHABLE_CODE = YES;
				CLANG_WARN__DUPLICATE_METHOD_MATCH = YES;
				CODE_SIGN_IDENTITY = "iPhone Developer";
				COPY_PHASE_STRIP = NO;
				DEBUG_INFORMATION_FORMAT = dwarf;
				ENABLE_STRICT_OBJC_MSGSEND = YES;
				ENABLE_TESTABILITY = YES;
				GCC_C_LANGUAGE_STANDARD = gnu11;
				GCC_DYNAMIC_NO_PIC = NO;
				GCC_NO_COMMON_BLOCKS = YES;
				GCC_OPTIMIZATION_LEVEL = 0;
				GCC_PREPROCESSOR_DEFINITIONS = (
					"DEBUG=1",
					"$(inherited)",
				);
				GCC_WARN_64_TO_32_BIT_CONVERSION = YES;
				GCC_WARN_ABOUT_RETURN_TYPE = YES_ERROR;
				GCC_WARN_UNDECLARED_SELECTOR = YES;
				GCC_WARN_UNINITIALIZED_AUTOS = YES_AGGRESSIVE;
				GCC_WARN_UNUSED_FUNCTION = YES;
				GCC_WARN_UNUSED_VARIABLE = YES;
				IPHONEOS_DEPLOYMENT_TARGET = 12.2;
				MTL_ENABLE_DEBUG_INFO = INCLUDE_SOURCE;
				MTL_FAST_MATH = YES;
				ONLY_ACTIVE_ARCH = YES;
				SDKROOT = iphoneos;
				SWIFT_ACTIVE_COMPILATION_CONDITIONS = DEBUG;
				SWIFT_OPTIMIZATION_LEVEL = "-Onone";
			};
			name = Debug;
		};
		CB9B356722F1D57C00E12C75 /* Release */ = {
			isa = XCBuildConfiguration;
			buildSettings = {
				ALWAYS_SEARCH_USER_PATHS = NO;
				CLANG_ANALYZER_NONNULL = YES;
				CLANG_ANALYZER_NUMBER_OBJECT_CONVERSION = YES_AGGRESSIVE;
				CLANG_CXX_LANGUAGE_STANDARD = "gnu++14";
				CLANG_CXX_LIBRARY = "libc++";
				CLANG_ENABLE_MODULES = YES;
				CLANG_ENABLE_OBJC_ARC = YES;
				CLANG_ENABLE_OBJC_WEAK = YES;
				CLANG_WARN_BLOCK_CAPTURE_AUTORELEASING = YES;
				CLANG_WARN_BOOL_CONVERSION = YES;
				CLANG_WARN_COMMA = YES;
				CLANG_WARN_CONSTANT_CONVERSION = YES;
				CLANG_WARN_DEPRECATED_OBJC_IMPLEMENTATIONS = YES;
				CLANG_WARN_DIRECT_OBJC_ISA_USAGE = YES_ERROR;
				CLANG_WARN_DOCUMENTATION_COMMENTS = YES;
				CLANG_WARN_EMPTY_BODY = YES;
				CLANG_WARN_ENUM_CONVERSION = YES;
				CLANG_WARN_INFINITE_RECURSION = YES;
				CLANG_WARN_INT_CONVERSION = YES;
				CLANG_WARN_NON_LITERAL_NULL_CONVERSION = YES;
				CLANG_WARN_OBJC_IMPLICIT_RETAIN_SELF = YES;
				CLANG_WARN_OBJC_LITERAL_CONVERSION = YES;
				CLANG_WARN_OBJC_ROOT_CLASS = YES_ERROR;
				CLANG_WARN_RANGE_LOOP_ANALYSIS = YES;
				CLANG_WARN_STRICT_PROTOTYPES = YES;
				CLANG_WARN_SUSPICIOUS_MOVE = YES;
				CLANG_WARN_UNGUARDED_AVAILABILITY = YES_AGGRESSIVE;
				CLANG_WARN_UNREACHABLE_CODE = YES;
				CLANG_WARN__DUPLICATE_METHOD_MATCH = YES;
				CODE_SIGN_IDENTITY = "iPhone Developer";
				COPY_PHASE_STRIP = NO;
				DEBUG_INFORMATION_FORMAT = "dwarf-with-dsym";
				ENABLE_NS_ASSERTIONS = NO;
				ENABLE_STRICT_OBJC_MSGSEND = YES;
				GCC_C_LANGUAGE_STANDARD = gnu11;
				GCC_NO_COMMON_BLOCKS = YES;
				GCC_WARN_64_TO_32_BIT_CONVERSION = YES;
				GCC_WARN_ABOUT_RETURN_TYPE = YES_ERROR;
				GCC_WARN_UNDECLARED_SELECTOR = YES;
				GCC_WARN_UNINITIALIZED_AUTOS = YES_AGGRESSIVE;
				GCC_WARN_UNUSED_FUNCTION = YES;
				GCC_WARN_UNUSED_VARIABLE = YES;
				IPHONEOS_DEPLOYMENT_TARGET = 12.2;
				MTL_ENABLE_DEBUG_INFO = NO;
				MTL_FAST_MATH = YES;
				SDKROOT = iphoneos;
				SWIFT_COMPILATION_MODE = wholemodule;
				SWIFT_OPTIMIZATION_LEVEL = "-O";
				VALIDATE_PRODUCT = YES;
			};
			name = Release;
		};
		CB9B356922F1D57C00E12C75 /* Debug */ = {
			isa = XCBuildConfiguration;
			buildSettings = {
				ASSETCATALOG_COMPILER_APPICON_NAME = AppIcon;
				CODE_SIGN_STYLE = Automatic;
				DEVELOPMENT_TEAM = L85D626Q4H;
				INFOPLIST_FILE = ClearScore/Info.plist;
				LD_RUNPATH_SEARCH_PATHS = (
					"$(inherited)",
					"@executable_path/Frameworks",
				);
				PRODUCT_BUNDLE_IDENTIFIER = "Specineff-Industries.ClearScore";
				PRODUCT_NAME = "$(TARGET_NAME)";
				SWIFT_VERSION = 5.0;
				TARGETED_DEVICE_FAMILY = "1,2";
			};
			name = Debug;
		};
		CB9B356A22F1D57C00E12C75 /* Release */ = {
			isa = XCBuildConfiguration;
			buildSettings = {
				ASSETCATALOG_COMPILER_APPICON_NAME = AppIcon;
				CODE_SIGN_STYLE = Automatic;
				DEVELOPMENT_TEAM = L85D626Q4H;
				INFOPLIST_FILE = ClearScore/Info.plist;
				LD_RUNPATH_SEARCH_PATHS = (
					"$(inherited)",
					"@executable_path/Frameworks",
				);
				PRODUCT_BUNDLE_IDENTIFIER = "Specineff-Industries.ClearScore";
				PRODUCT_NAME = "$(TARGET_NAME)";
				SWIFT_VERSION = 5.0;
				TARGETED_DEVICE_FAMILY = "1,2";
			};
			name = Release;
		};
		CB9B356C22F1D57C00E12C75 /* Debug */ = {
			isa = XCBuildConfiguration;
			buildSettings = {
				ALWAYS_EMBED_SWIFT_STANDARD_LIBRARIES = YES;
				BUNDLE_LOADER = "$(TEST_HOST)";
				CODE_SIGN_STYLE = Automatic;
				DEVELOPMENT_TEAM = L85D626Q4H;
				INFOPLIST_FILE = ClearScoreTests/Info.plist;
				LD_RUNPATH_SEARCH_PATHS = (
					"$(inherited)",
					"@executable_path/Frameworks",
					"@loader_path/Frameworks",
				);
				PRODUCT_BUNDLE_IDENTIFIER = "Specineff-Industries.ClearScoreTests";
				PRODUCT_NAME = "$(TARGET_NAME)";
				SWIFT_VERSION = 5.0;
				TARGETED_DEVICE_FAMILY = "1,2";
				TEST_HOST = "$(BUILT_PRODUCTS_DIR)/ClearScore.app/ClearScore";
			};
			name = Debug;
		};
		CB9B356D22F1D57C00E12C75 /* Release */ = {
			isa = XCBuildConfiguration;
			buildSettings = {
				ALWAYS_EMBED_SWIFT_STANDARD_LIBRARIES = YES;
				BUNDLE_LOADER = "$(TEST_HOST)";
				CODE_SIGN_STYLE = Automatic;
				DEVELOPMENT_TEAM = L85D626Q4H;
				INFOPLIST_FILE = ClearScoreTests/Info.plist;
				LD_RUNPATH_SEARCH_PATHS = (
					"$(inherited)",
					"@executable_path/Frameworks",
					"@loader_path/Frameworks",
				);
				PRODUCT_BUNDLE_IDENTIFIER = "Specineff-Industries.ClearScoreTests";
				PRODUCT_NAME = "$(TARGET_NAME)";
				SWIFT_VERSION = 5.0;
				TARGETED_DEVICE_FAMILY = "1,2";
				TEST_HOST = "$(BUILT_PRODUCTS_DIR)/ClearScore.app/ClearScore";
			};
			name = Release;
		};
		CB9B356F22F1D57C00E12C75 /* Debug */ = {
			isa = XCBuildConfiguration;
			buildSettings = {
				ALWAYS_EMBED_SWIFT_STANDARD_LIBRARIES = YES;
				CODE_SIGN_STYLE = Automatic;
				DEVELOPMENT_TEAM = L85D626Q4H;
				INFOPLIST_FILE = ClearScoreUITests/Info.plist;
				LD_RUNPATH_SEARCH_PATHS = (
					"$(inherited)",
					"@executable_path/Frameworks",
					"@loader_path/Frameworks",
				);
				PRODUCT_BUNDLE_IDENTIFIER = "Specineff-Industries.ClearScoreUITests";
				PRODUCT_NAME = "$(TARGET_NAME)";
				SWIFT_VERSION = 5.0;
				TARGETED_DEVICE_FAMILY = "1,2";
				TEST_TARGET_NAME = ClearScore;
			};
			name = Debug;
		};
		CB9B357022F1D57C00E12C75 /* Release */ = {
			isa = XCBuildConfiguration;
			buildSettings = {
				ALWAYS_EMBED_SWIFT_STANDARD_LIBRARIES = YES;
				CODE_SIGN_STYLE = Automatic;
				DEVELOPMENT_TEAM = L85D626Q4H;
				INFOPLIST_FILE = ClearScoreUITests/Info.plist;
				LD_RUNPATH_SEARCH_PATHS = (
					"$(inherited)",
					"@executable_path/Frameworks",
					"@loader_path/Frameworks",
				);
				PRODUCT_BUNDLE_IDENTIFIER = "Specineff-Industries.ClearScoreUITests";
				PRODUCT_NAME = "$(TARGET_NAME)";
				SWIFT_VERSION = 5.0;
				TARGETED_DEVICE_FAMILY = "1,2";
				TEST_TARGET_NAME = ClearScore;
			};
			name = Release;
		};
/* End XCBuildConfiguration section */

/* Begin XCConfigurationList section */
		CB9B353B22F1D57B00E12C75 /* Build configuration list for PBXProject "ClearScore" */ = {
			isa = XCConfigurationList;
			buildConfigurations = (
				CB9B356622F1D57C00E12C75 /* Debug */,
				CB9B356722F1D57C00E12C75 /* Release */,
			);
			defaultConfigurationIsVisible = 0;
			defaultConfigurationName = Release;
		};
		CB9B356822F1D57C00E12C75 /* Build configuration list for PBXNativeTarget "ClearScore" */ = {
			isa = XCConfigurationList;
			buildConfigurations = (
				CB9B356922F1D57C00E12C75 /* Debug */,
				CB9B356A22F1D57C00E12C75 /* Release */,
			);
			defaultConfigurationIsVisible = 0;
			defaultConfigurationName = Release;
		};
		CB9B356B22F1D57C00E12C75 /* Build configuration list for PBXNativeTarget "ClearScoreTests" */ = {
			isa = XCConfigurationList;
			buildConfigurations = (
				CB9B356C22F1D57C00E12C75 /* Debug */,
				CB9B356D22F1D57C00E12C75 /* Release */,
			);
			defaultConfigurationIsVisible = 0;
			defaultConfigurationName = Release;
		};
		CB9B356E22F1D57C00E12C75 /* Build configuration list for PBXNativeTarget "ClearScoreUITests" */ = {
			isa = XCConfigurationList;
			buildConfigurations = (
				CB9B356F22F1D57C00E12C75 /* Debug */,
				CB9B357022F1D57C00E12C75 /* Release */,
			);
			defaultConfigurationIsVisible = 0;
			defaultConfigurationName = Release;
		};
/* End XCConfigurationList section */
	};
	rootObject = CB9B353822F1D57B00E12C75 /* Project object */;
}
